// !$*UTF8*$!
{
	archiveVersion = 1;
	classes = {
	};
	objectVersion = 56;
	objects = {

/* Begin PBXBuildFile section */
		7E814BF12C38E4CE0004F4DC /* AppDelegate.swift in Sources */ = {isa = PBXBuildFile; fileRef = 7E814BF02C38E4CE0004F4DC /* AppDelegate.swift */; };
		7E814BF32C38E4CE0004F4DC /* SceneDelegate.swift in Sources */ = {isa = PBXBuildFile; fileRef = 7E814BF22C38E4CE0004F4DC /* SceneDelegate.swift */; };
		7E814BF52C38E4CE0004F4DC /* ViewController.swift in Sources */ = {isa = PBXBuildFile; fileRef = 7E814BF42C38E4CE0004F4DC /* ViewController.swift */; };
		7E814BF82C38E4CE0004F4DC /* Base in Resources */ = {isa = PBXBuildFile; fileRef = 7E814BF72C38E4CE0004F4DC /* Base */; };
		7E814BFA2C38E4CF0004F4DC /* Assets.xcassets in Resources */ = {isa = PBXBuildFile; fileRef = 7E814BF92C38E4CF0004F4DC /* Assets.xcassets */; };
		7E814BFD2C38E4CF0004F4DC /* Base in Resources */ = {isa = PBXBuildFile; fileRef = 7E814BFC2C38E4CF0004F4DC /* Base */; };
		7E814C082C38E4CF0004F4DC /* TableViewTestTests.swift in Sources */ = {isa = PBXBuildFile; fileRef = 7E814C072C38E4CF0004F4DC /* TableViewTestTests.swift */; };
		7E814C122C38E4CF0004F4DC /* TableViewTestUITests.swift in Sources */ = {isa = PBXBuildFile; fileRef = 7E814C112C38E4CF0004F4DC /* TableViewTestUITests.swift */; };
		7E814C142C38E4CF0004F4DC /* TableViewTestUITestsLaunchTests.swift in Sources */ = {isa = PBXBuildFile; fileRef = 7E814C132C38E4CF0004F4DC /* TableViewTestUITestsLaunchTests.swift */; };
/* End PBXBuildFile section */

/* Begin PBXContainerItemProxy section */
		7E814C042C38E4CF0004F4DC /* PBXContainerItemProxy */ = {
			isa = PBXContainerItemProxy;
			containerPortal = 7E814BE52C38E4CE0004F4DC /* Project object */;
			proxyType = 1;
			remoteGlobalIDString = 7E814BEC2C38E4CE0004F4DC;
			remoteInfo = TableViewTest;
		};
		7E814C0E2C38E4CF0004F4DC /* PBXContainerItemProxy */ = {
			isa = PBXContainerItemProxy;
			containerPortal = 7E814BE52C38E4CE0004F4DC /* Project object */;
			proxyType = 1;
			remoteGlobalIDString = 7E814BEC2C38E4CE0004F4DC;
			remoteInfo = TableViewTest;
		};
/* End PBXContainerItemProxy section */

/* Begin PBXFileReference section */
		7E814BED2C38E4CE0004F4DC /* TableViewTest.app */ = {isa = PBXFileReference; explicitFileType = wrapper.application; includeInIndex = 0; path = TableViewTest.app; sourceTree = BUILT_PRODUCTS_DIR; };
		7E814BF02C38E4CE0004F4DC /* AppDelegate.swift */ = {isa = PBXFileReference; lastKnownFileType = sourcecode.swift; path = AppDelegate.swift; sourceTree = "<group>"; };
		7E814BF22C38E4CE0004F4DC /* SceneDelegate.swift */ = {isa = PBXFileReference; lastKnownFileType = sourcecode.swift; path = SceneDelegate.swift; sourceTree = "<group>"; };
		7E814BF42C38E4CE0004F4DC /* ViewController.swift */ = {isa = PBXFileReference; lastKnownFileType = sourcecode.swift; path = ViewController.swift; sourceTree = "<group>"; };
		7E814BF72C38E4CE0004F4DC /* Base */ = {isa = PBXFileReference; lastKnownFileType = file.storyboard; name = Base; path = Base.lproj/Main.storyboard; sourceTree = "<group>"; };
		7E814BF92C38E4CF0004F4DC /* Assets.xcassets */ = {isa = PBXFileReference; lastKnownFileType = folder.assetcatalog; path = Assets.xcassets; sourceTree = "<group>"; };
		7E814BFC2C38E4CF0004F4DC /* Base */ = {isa = PBXFileReference; lastKnownFileType = file.storyboard; name = Base; path = Base.lproj/LaunchScreen.storyboard; sourceTree = "<group>"; };
		7E814BFE2C38E4CF0004F4DC /* Info.plist */ = {isa = PBXFileReference; lastKnownFileType = text.plist.xml; path = Info.plist; sourceTree = "<group>"; };
		7E814C032C38E4CF0004F4DC /* TableViewTestTests.xctest */ = {isa = PBXFileReference; explicitFileType = wrapper.cfbundle; includeInIndex = 0; path = TableViewTestTests.xctest; sourceTree = BUILT_PRODUCTS_DIR; };
		7E814C072C38E4CF0004F4DC /* TableViewTestTests.swift */ = {isa = PBXFileReference; lastKnownFileType = sourcecode.swift; path = TableViewTestTests.swift; sourceTree = "<group>"; };
		7E814C0D2C38E4CF0004F4DC /* TableViewTestUITests.xctest */ = {isa = PBXFileReference; explicitFileType = wrapper.cfbundle; includeInIndex = 0; path = TableViewTestUITests.xctest; sourceTree = BUILT_PRODUCTS_DIR; };
		7E814C112C38E4CF0004F4DC /* TableViewTestUITests.swift */ = {isa = PBXFileReference; lastKnownFileType = sourcecode.swift; path = TableViewTestUITests.swift; sourceTree = "<group>"; };
		7E814C132C38E4CF0004F4DC /* TableViewTestUITestsLaunchTests.swift */ = {isa = PBXFileReference; lastKnownFileType = sourcecode.swift; path = TableViewTestUITestsLaunchTests.swift; sourceTree = "<group>"; };
/* End PBXFileReference section */

/* Begin PBXFrameworksBuildPhase section */
		7E814BEA2C38E4CE0004F4DC /* Frameworks */ = {
			isa = PBXFrameworksBuildPhase;
			buildActionMask = 2147483647;
			files = (
			);
			runOnlyForDeploymentPostprocessing = 0;
		};
		7E814C002C38E4CF0004F4DC /* Frameworks */ = {
			isa = PBXFrameworksBuildPhase;
			buildActionMask = 2147483647;
			files = (
			);
			runOnlyForDeploymentPostprocessing = 0;
		};
		7E814C0A2C38E4CF0004F4DC /* Frameworks */ = {
			isa = PBXFrameworksBuildPhase;
			buildActionMask = 2147483647;
			files = (
			);
			runOnlyForDeploymentPostprocessing = 0;
		};
/* End PBXFrameworksBuildPhase section */

/* Begin PBXGroup section */
		7E814BE42C38E4CE0004F4DC = {
			isa = PBXGroup;
			children = (
				7E814BEF2C38E4CE0004F4DC /* TableViewTest */,
				7E814C062C38E4CF0004F4DC /* TableViewTestTests */,
				7E814C102C38E4CF0004F4DC /* TableViewTestUITests */,
				7E814BEE2C38E4CE0004F4DC /* Products */,
			);
			sourceTree = "<group>";
		};
		7E814BEE2C38E4CE0004F4DC /* Products */ = {
			isa = PBXGroup;
			children = (
				7E814BED2C38E4CE0004F4DC /* TableViewTest.app */,
				7E814C032C38E4CF0004F4DC /* TableViewTestTests.xctest */,
				7E814C0D2C38E4CF0004F4DC /* TableViewTestUITests.xctest */,
			);
			name = Products;
			sourceTree = "<group>";
		};
		7E814BEF2C38E4CE0004F4DC /* TableViewTest */ = {
			isa = PBXGroup;
			children = (
				7E814BF02C38E4CE0004F4DC /* AppDelegate.swift */,
				7E814BF22C38E4CE0004F4DC /* SceneDelegate.swift */,
				7E814BF42C38E4CE0004F4DC /* ViewController.swift */,
				7E814BF62C38E4CE0004F4DC /* Main.storyboard */,
				7E814BF92C38E4CF0004F4DC /* Assets.xcassets */,
				7E814BFB2C38E4CF0004F4DC /* LaunchScreen.storyboard */,
				7E814BFE2C38E4CF0004F4DC /* Info.plist */,
			);
			path = TableViewTest;
			sourceTree = "<group>";
		};
		7E814C062C38E4CF0004F4DC /* TableViewTestTests */ = {
			isa = PBXGroup;
			children = (
				7E814C072C38E4CF0004F4DC /* TableViewTestTests.swift */,
			);
			path = TableViewTestTests;
			sourceTree = "<group>";
		};
		7E814C102C38E4CF0004F4DC /* TableViewTestUITests */ = {
			isa = PBXGroup;
			children = (
				7E814C112C38E4CF0004F4DC /* TableViewTestUITests.swift */,
				7E814C132C38E4CF0004F4DC /* TableViewTestUITestsLaunchTests.swift */,
			);
			path = TableViewTestUITests;
			sourceTree = "<group>";
		};
/* End PBXGroup section */

/* Begin PBXNativeTarget section */
		7E814BEC2C38E4CE0004F4DC /* TableViewTest */ = {
			isa = PBXNativeTarget;
			buildConfigurationList = 7E814C172C38E4CF0004F4DC /* Build configuration list for PBXNativeTarget "TableViewTest" */;
			buildPhases = (
				7E814BE92C38E4CE0004F4DC /* Sources */,
				7E814BEA2C38E4CE0004F4DC /* Frameworks */,
				7E814BEB2C38E4CE0004F4DC /* Resources */,
			);
			buildRules = (
			);
			dependencies = (
			);
			name = TableViewTest;
			productName = TableViewTest;
			productReference = 7E814BED2C38E4CE0004F4DC /* TableViewTest.app */;
			productType = "com.apple.product-type.application";
		};
		7E814C022C38E4CF0004F4DC /* TableViewTestTests */ = {
			isa = PBXNativeTarget;
			buildConfigurationList = 7E814C1A2C38E4CF0004F4DC /* Build configuration list for PBXNativeTarget "TableViewTestTests" */;
			buildPhases = (
				7E814BFF2C38E4CF0004F4DC /* Sources */,
				7E814C002C38E4CF0004F4DC /* Frameworks */,
				7E814C012C38E4CF0004F4DC /* Resources */,
			);
			buildRules = (
			);
			dependencies = (
				7E814C052C38E4CF0004F4DC /* PBXTargetDependency */,
			);
			name = TableViewTestTests;
			productName = TableViewTestTests;
			productReference = 7E814C032C38E4CF0004F4DC /* TableViewTestTests.xctest */;
			productType = "com.apple.product-type.bundle.unit-test";
		};
		7E814C0C2C38E4CF0004F4DC /* TableViewTestUITests */ = {
			isa = PBXNativeTarget;
			buildConfigurationList = 7E814C1D2C38E4CF0004F4DC /* Build configuration list for PBXNativeTarget "TableViewTestUITests" */;
			buildPhases = (
				7E814C092C38E4CF0004F4DC /* Sources */,
				7E814C0A2C38E4CF0004F4DC /* Frameworks */,
				7E814C0B2C38E4CF0004F4DC /* Resources */,
			);
			buildRules = (
			);
			dependencies = (
				7E814C0F2C38E4CF0004F4DC /* PBXTargetDependency */,
			);
			name = TableViewTestUITests;
			productName = TableViewTestUITests;
			productReference = 7E814C0D2C38E4CF0004F4DC /* TableViewTestUITests.xctest */;
			productType = "com.apple.product-type.bundle.ui-testing";
		};
/* End PBXNativeTarget section */

/* Begin PBXProject section */
		7E814BE52C38E4CE0004F4DC /* Project object */ = {
			isa = PBXProject;
			attributes = {
				BuildIndependentTargetsInParallel = 1;
				LastSwiftUpdateCheck = 1540;
				LastUpgradeCheck = 1540;
				TargetAttributes = {
					7E814BEC2C38E4CE0004F4DC = {
						CreatedOnToolsVersion = 15.4;
					};
					7E814C022C38E4CF0004F4DC = {
						CreatedOnToolsVersion = 15.4;
						TestTargetID = 7E814BEC2C38E4CE0004F4DC;
					};
					7E814C0C2C38E4CF0004F4DC = {
						CreatedOnToolsVersion = 15.4;
						TestTargetID = 7E814BEC2C38E4CE0004F4DC;
					};
				};
			};
			buildConfigurationList = 7E814BE82C38E4CE0004F4DC /* Build configuration list for PBXProject "TableViewTest" */;
			compatibilityVersion = "Xcode 14.0";
			developmentRegion = en;
			hasScannedForEncodings = 0;
			knownRegions = (
				en,
				Base,
			);
			mainGroup = 7E814BE42C38E4CE0004F4DC;
			productRefGroup = 7E814BEE2C38E4CE0004F4DC /* Products */;
			projectDirPath = "";
			projectRoot = "";
			targets = (
				7E814BEC2C38E4CE0004F4DC /* TableViewTest */,
				7E814C022C38E4CF0004F4DC /* TableViewTestTests */,
				7E814C0C2C38E4CF0004F4DC /* TableViewTestUITests */,
			);
		};
/* End PBXProject section */

/* Begin PBXResourcesBuildPhase section */
		7E814BEB2C38E4CE0004F4DC /* Resources */ = {
			isa = PBXResourcesBuildPhase;
			buildActionMask = 2147483647;
			files = (
				7E814BFA2C38E4CF0004F4DC /* Assets.xcassets in Resources */,
				7E814BFD2C38E4CF0004F4DC /* Base in Resources */,
				7E814BF82C38E4CE0004F4DC /* Base in Resources */,
			);
			runOnlyForDeploymentPostprocessing = 0;
		};
		7E814C012C38E4CF0004F4DC /* Resources */ = {
			isa = PBXResourcesBuildPhase;
			buildActionMask = 2147483647;
			files = (
			);
			runOnlyForDeploymentPostprocessing = 0;
		};
		7E814C0B2C38E4CF0004F4DC /* Resources */ = {
			isa = PBXResourcesBuildPhase;
			buildActionMask = 2147483647;
			files = (
			);
			runOnlyForDeploymentPostprocessing = 0;
		};
/* End PBXResourcesBuildPhase section */

/* Begin PBXSourcesBuildPhase section */
		7E814BE92C38E4CE0004F4DC /* Sources */ = {
			isa = PBXSourcesBuildPhase;
			buildActionMask = 2147483647;
			files = (
				7E814BF52C38E4CE0004F4DC /* ViewController.swift in Sources */,
				7E814BF12C38E4CE0004F4DC /* AppDelegate.swift in Sources */,
				7E814BF32C38E4CE0004F4DC /* SceneDelegate.swift in Sources */,
			);
			runOnlyForDeploymentPostprocessing = 0;
		};
		7E814BFF2C38E4CF0004F4DC /* Sources */ = {
			isa = PBXSourcesBuildPhase;
			buildActionMask = 2147483647;
			files = (
				7E814C082C38E4CF0004F4DC /* TableViewTestTests.swift in Sources */,
			);
			runOnlyForDeploymentPostprocessing = 0;
		};
		7E814C092C38E4CF0004F4DC /* Sources */ = {
			isa = PBXSourcesBuildPhase;
			buildActionMask = 2147483647;
			files = (
				7E814C142C38E4CF0004F4DC /* TableViewTestUITestsLaunchTests.swift in Sources */,
				7E814C122C38E4CF0004F4DC /* TableViewTestUITests.swift in Sources */,
			);
			runOnlyForDeploymentPostprocessing = 0;
		};
/* End PBXSourcesBuildPhase section */

/* Begin PBXTargetDependency section */
		7E814C052C38E4CF0004F4DC /* PBXTargetDependency */ = {
			isa = PBXTargetDependency;
			target = 7E814BEC2C38E4CE0004F4DC /* TableViewTest */;
			targetProxy = 7E814C042C38E4CF0004F4DC /* PBXContainerItemProxy */;
		};
		7E814C0F2C38E4CF0004F4DC /* PBXTargetDependency */ = {
			isa = PBXTargetDependency;
			target = 7E814BEC2C38E4CE0004F4DC /* TableViewTest */;
			targetProxy = 7E814C0E2C38E4CF0004F4DC /* PBXContainerItemProxy */;
		};
/* End PBXTargetDependency section */

/* Begin PBXVariantGroup section */
		7E814BF62C38E4CE0004F4DC /* Main.storyboard */ = {
			isa = PBXVariantGroup;
			children = (
				7E814BF72C38E4CE0004F4DC /* Base */,
			);
			name = Main.storyboard;
			sourceTree = "<group>";
		};
		7E814BFB2C38E4CF0004F4DC /* LaunchScreen.storyboard */ = {
			isa = PBXVariantGroup;
			children = (
				7E814BFC2C38E4CF0004F4DC /* Base */,
			);
			name = LaunchScreen.storyboard;
			sourceTree = "<group>";
		};
/* End PBXVariantGroup section */

/* Begin XCBuildConfiguration section */
		7E814C152C38E4CF0004F4DC /* Debug */ = {
			isa = XCBuildConfiguration;
			buildSettings = {
				ALWAYS_SEARCH_USER_PATHS = NO;
				ASSETCATALOG_COMPILER_GENERATE_SWIFT_ASSET_SYMBOL_EXTENSIONS = YES;
				CLANG_ANALYZER_NONNULL = YES;
				CLANG_ANALYZER_NUMBER_OBJECT_CONVERSION = YES_AGGRESSIVE;
				CLANG_CXX_LANGUAGE_STANDARD = "gnu++20";
				CLANG_ENABLE_MODULES = YES;
				CLANG_ENABLE_OBJC_ARC = YES;
				CLANG_ENABLE_OBJC_WEAK = YES;
				CLANG_WARN_BLOCK_CAPTURE_AUTORELEASING = YES;
				CLANG_WARN_BOOL_CONVERSION = YES;
				CLANG_WARN_COMMA = YES;
				CLANG_WARN_CONSTANT_CONVERSION = YES;
				CLANG_WARN_DEPRECATED_OBJC_IMPLEMENTATIONS = YES;
				CLANG_WARN_DIRECT_OBJC_ISA_USAGE = YES_ERROR;
				CLANG_WARN_DOCUMENTATION_COMMENTS = YES;
				CLANG_WARN_EMPTY_BODY = YES;
				CLANG_WARN_ENUM_CONVERSION = YES;
				CLANG_WARN_INFINITE_RECURSION = YES;
				CLANG_WARN_INT_CONVERSION = YES;
				CLANG_WARN_NON_LITERAL_NULL_CONVERSION = YES;
				CLANG_WARN_OBJC_IMPLICIT_RETAIN_SELF = YES;
				CLANG_WARN_OBJC_LITERAL_CONVERSION = YES;
				CLANG_WARN_OBJC_ROOT_CLASS = YES_ERROR;
				CLANG_WARN_QUOTED_INCLUDE_IN_FRAMEWORK_HEADER = YES;
				CLANG_WARN_RANGE_LOOP_ANALYSIS = YES;
				CLANG_WARN_STRICT_PROTOTYPES = YES;
				CLANG_WARN_SUSPICIOUS_MOVE = YES;
				CLANG_WARN_UNGUARDED_AVAILABILITY = YES_AGGRESSIVE;
				CLANG_WARN_UNREACHABLE_CODE = YES;
				CLANG_WARN__DUPLICATE_METHOD_MATCH = YES;
				COPY_PHASE_STRIP = NO;
				DEBUG_INFORMATION_FORMAT = dwarf;
				ENABLE_STRICT_OBJC_MSGSEND = YES;
				ENABLE_TESTABILITY = YES;
				ENABLE_USER_SCRIPT_SANDBOXING = YES;
				GCC_C_LANGUAGE_STANDARD = gnu17;
				GCC_DYNAMIC_NO_PIC = NO;
				GCC_NO_COMMON_BLOCKS = YES;
				GCC_OPTIMIZATION_LEVEL = 0;
				GCC_PREPROCESSOR_DEFINITIONS = (
					"DEBUG=1",
					"$(inherited)",
				);
				GCC_WARN_64_TO_32_BIT_CONVERSION = YES;
				GCC_WARN_ABOUT_RETURN_TYPE = YES_ERROR;
				GCC_WARN_UNDECLARED_SELECTOR = YES;
				GCC_WARN_UNINITIALIZED_AUTOS = YES_AGGRESSIVE;
				GCC_WARN_UNUSED_FUNCTION = YES;
				GCC_WARN_UNUSED_VARIABLE = YES;
				IPHONEOS_DEPLOYMENT_TARGET = 17.5;
				LOCALIZATION_PREFERS_STRING_CATALOGS = YES;
				MTL_ENABLE_DEBUG_INFO = INCLUDE_SOURCE;
				MTL_FAST_MATH = YES;
				ONLY_ACTIVE_ARCH = YES;
				SDKROOT = iphoneos;
				SWIFT_ACTIVE_COMPILATION_CONDITIONS = "DEBUG $(inherited)";
				SWIFT_OPTIMIZATION_LEVEL = "-Onone";
			};
			name = Debug;
		};
		7E814C162C38E4CF0004F4DC /* Release */ = {
			isa = XCBuildConfiguration;
			buildSettings = {
				ALWAYS_SEARCH_USER_PATHS = NO;
				ASSETCATALOG_COMPILER_GENERATE_SWIFT_ASSET_SYMBOL_EXTENSIONS = YES;
				CLANG_ANALYZER_NONNULL = YES;
				CLANG_ANALYZER_NUMBER_OBJECT_CONVERSION = YES_AGGRESSIVE;
				CLANG_CXX_LANGUAGE_STANDARD = "gnu++20";
				CLANG_ENABLE_MODULES = YES;
				CLANG_ENABLE_OBJC_ARC = YES;
				CLANG_ENABLE_OBJC_WEAK = YES;
				CLANG_WARN_BLOCK_CAPTURE_AUTORELEASING = YES;
				CLANG_WARN_BOOL_CONVERSION = YES;
				CLANG_WARN_COMMA = YES;
				CLANG_WARN_CONSTANT_CONVERSION = YES;
				CLANG_WARN_DEPRECATED_OBJC_IMPLEMENTATIONS = YES;
				CLANG_WARN_DIRECT_OBJC_ISA_USAGE = YES_ERROR;
				CLANG_WARN_DOCUMENTATION_COMMENTS = YES;
				CLANG_WARN_EMPTY_BODY = YES;
				CLANG_WARN_ENUM_CONVERSION = YES;
				CLANG_WARN_INFINITE_RECURSION = YES;
				CLANG_WARN_INT_CONVERSION = YES;
				CLANG_WARN_NON_LITERAL_NULL_CONVERSION = YES;
				CLANG_WARN_OBJC_IMPLICIT_RETAIN_SELF = YES;
				CLANG_WARN_OBJC_LITERAL_CONVERSION = YES;
				CLANG_WARN_OBJC_ROOT_CLASS = YES_ERROR;
				CLANG_WARN_QUOTED_INCLUDE_IN_FRAMEWORK_HEADER = YES;
				CLANG_WARN_RANGE_LOOP_ANALYSIS = YES;
				CLANG_WARN_STRICT_PROTOTYPES = YES;
				CLANG_WARN_SUSPICIOUS_MOVE = YES;
				CLANG_WARN_UNGUARDED_AVAILABILITY = YES_AGGRESSIVE;
				CLANG_WARN_UNREACHABLE_CODE = YES;
				CLANG_WARN__DUPLICATE_METHOD_MATCH = YES;
				COPY_PHASE_STRIP = NO;
				DEBUG_INFORMATION_FORMAT = "dwarf-with-dsym";
				ENABLE_NS_ASSERTIONS = NO;
				ENABLE_STRICT_OBJC_MSGSEND = YES;
				ENABLE_USER_SCRIPT_SANDBOXING = YES;
				GCC_C_LANGUAGE_STANDARD = gnu17;
				GCC_NO_COMMON_BLOCKS = YES;
				GCC_WARN_64_TO_32_BIT_CONVERSION = YES;
				GCC_WARN_ABOUT_RETURN_TYPE = YES_ERROR;
				GCC_WARN_UNDECLARED_SELECTOR = YES;
				GCC_WARN_UNINITIALIZED_AUTOS = YES_AGGRESSIVE;
				GCC_WARN_UNUSED_FUNCTION = YES;
				GCC_WARN_UNUSED_VARIABLE = YES;
				IPHONEOS_DEPLOYMENT_TARGET = 17.5;
				LOCALIZATION_PREFERS_STRING_CATALOGS = YES;
				MTL_ENABLE_DEBUG_INFO = NO;
				MTL_FAST_MATH = YES;
				SDKROOT = iphoneos;
				SWIFT_COMPILATION_MODE = wholemodule;
				VALIDATE_PRODUCT = YES;
			};
			name = Release;
		};
		7E814C182C38E4CF0004F4DC /* Debug */ = {
			isa = XCBuildConfiguration;
			buildSettings = {
				ASSETCATALOG_COMPILER_APPICON_NAME = AppIcon;
				ASSETCATALOG_COMPILER_GLOBAL_ACCENT_COLOR_NAME = AccentColor;
				CODE_SIGN_STYLE = Automatic;
				CURRENT_PROJECT_VERSION = 1;
				DEVELOPMENT_TEAM = QXX4852TTD;
				GENERATE_INFOPLIST_FILE = YES;
				INFOPLIST_FILE = TableViewTest/Info.plist;
				INFOPLIST_KEY_UIApplicationSupportsIndirectInputEvents = YES;
				INFOPLIST_KEY_UILaunchStoryboardName = LaunchScreen;
				INFOPLIST_KEY_UIMainStoryboardFile = Main;
				INFOPLIST_KEY_UISupportedInterfaceOrientations_iPad = "UIInterfaceOrientationPortrait UIInterfaceOrientationPortraitUpsideDown UIInterfaceOrientationLandscapeLeft UIInterfaceOrientationLandscapeRight";
				INFOPLIST_KEY_UISupportedInterfaceOrientations_iPhone = "UIInterfaceOrientationPortrait UIInterfaceOrientationLandscapeLeft UIInterfaceOrientationLandscapeRight";
				LD_RUNPATH_SEARCH_PATHS = (
					"$(inherited)",
					"@executable_path/Frameworks",
				);
				MARKETING_VERSION = 1.0;
				PRODUCT_BUNDLE_IDENTIFIER = brunosilva.TableViewTest;
				PRODUCT_NAME = "$(TARGET_NAME)";
				SWIFT_EMIT_LOC_STRINGS = YES;
				SWIFT_VERSION = 5.0;
				TARGETED_DEVICE_FAMILY = "1,2";
			};
			name = Debug;
		};
		7E814C192C38E4CF0004F4DC /* Release */ = {
			isa = XCBuildConfiguration;
			buildSettings = {
				ASSETCATALOG_COMPILER_APPICON_NAME = AppIcon;
				ASSETCATALOG_COMPILER_GLOBAL_ACCENT_COLOR_NAME = AccentColor;
				CODE_SIGN_STYLE = Automatic;
				CURRENT_PROJECT_VERSION = 1;
				DEVELOPMENT_TEAM = QXX4852TTD;
				GENERATE_INFOPLIST_FILE = YES;
				INFOPLIST_FILE = TableViewTest/Info.plist;
				INFOPLIST_KEY_UIApplicationSupportsIndirectInputEvents = YES;
				INFOPLIST_KEY_UILaunchStoryboardName = LaunchScreen;
				INFOPLIST_KEY_UIMainStoryboardFile = Main;
				INFOPLIST_KEY_UISupportedInterfaceOrientations_iPad = "UIInterfaceOrientationPortrait UIInterfaceOrientationPortraitUpsideDown UIInterfaceOrientationLandscapeLeft UIInterfaceOrientationLandscapeRight";
				INFOPLIST_KEY_UISupportedInterfaceOrientations_iPhone = "UIInterfaceOrientationPortrait UIInterfaceOrientationLandscapeLeft UIInterfaceOrientationLandscapeRight";
				LD_RUNPATH_SEARCH_PATHS = (
					"$(inherited)",
					"@executable_path/Frameworks",
				);
				MARKETING_VERSION = 1.0;
				PRODUCT_BUNDLE_IDENTIFIER = brunosilva.TableViewTest;
				PRODUCT_NAME = "$(TARGET_NAME)";
				SWIFT_EMIT_LOC_STRINGS = YES;
				SWIFT_VERSION = 5.0;
				TARGETED_DEVICE_FAMILY = "1,2";
			};
			name = Release;
		};
		7E814C1B2C38E4CF0004F4DC /* Debug */ = {
			isa = XCBuildConfiguration;
			buildSettings = {
				ALWAYS_EMBED_SWIFT_STANDARD_LIBRARIES = YES;
				BUNDLE_LOADER = "$(TEST_HOST)";
				CODE_SIGN_STYLE = Automatic;
				CURRENT_PROJECT_VERSION = 1;
				DEVELOPMENT_TEAM = QXX4852TTD;
				GENERATE_INFOPLIST_FILE = YES;
				IPHONEOS_DEPLOYMENT_TARGET = 17.5;
				MARKETING_VERSION = 1.0;
				PRODUCT_BUNDLE_IDENTIFIER = brunosilva.TableViewTestTests;
				PRODUCT_NAME = "$(TARGET_NAME)";
				SWIFT_EMIT_LOC_STRINGS = NO;
				SWIFT_VERSION = 5.0;
				TARGETED_DEVICE_FAMILY = "1,2";
				TEST_HOST = "$(BUILT_PRODUCTS_DIR)/TableViewTest.app/$(BUNDLE_EXECUTABLE_FOLDER_PATH)/TableViewTest";
			};
			name = Debug;
		};
		7E814C1C2C38E4CF0004F4DC /* Release */ = {
			isa = XCBuildConfiguration;
			buildSettings = {
				ALWAYS_EMBED_SWIFT_STANDARD_LIBRARIES = YES;
				BUNDLE_LOADER = "$(TEST_HOST)";
				CODE_SIGN_STYLE = Automatic;
				CURRENT_PROJECT_VERSION = 1;
				DEVELOPMENT_TEAM = QXX4852TTD;
				GENERATE_INFOPLIST_FILE = YES;
				IPHONEOS_DEPLOYMENT_TARGET = 17.5;
				MARKETING_VERSION = 1.0;
				PRODUCT_BUNDLE_IDENTIFIER = brunosilva.TableViewTestTests;
				PRODUCT_NAME = "$(TARGET_NAME)";
				SWIFT_EMIT_LOC_STRINGS = NO;
				SWIFT_VERSION = 5.0;
				TARGETED_DEVICE_FAMILY = "1,2";
				TEST_HOST = "$(BUILT_PRODUCTS_DIR)/TableViewTest.app/$(BUNDLE_EXECUTABLE_FOLDER_PATH)/TableViewTest";
			};
			name = Release;
		};
		7E814C1E2C38E4CF0004F4DC /* Debug */ = {
			isa = XCBuildConfiguration;
			buildSettings = {
				ALWAYS_EMBED_SWIFT_STANDARD_LIBRARIES = YES;
				CODE_SIGN_STYLE = Automatic;
				CURRENT_PROJECT_VERSION = 1;
				DEVELOPMENT_TEAM = QXX4852TTD;
				GENERATE_INFOPLIST_FILE = YES;
				MARKETING_VERSION = 1.0;
				PRODUCT_BUNDLE_IDENTIFIER = brunosilva.TableViewTestUITests;
				PRODUCT_NAME = "$(TARGET_NAME)";
				SWIFT_EMIT_LOC_STRINGS = NO;
				SWIFT_VERSION = 5.0;
				TARGETED_DEVICE_FAMILY = "1,2";
				TEST_TARGET_NAME = TableViewTest;
			};
			name = Debug;
		};
		7E814C1F2C38E4CF0004F4DC /* Release */ = {
			isa = XCBuildConfiguration;
			buildSettings = {
				ALWAYS_EMBED_SWIFT_STANDARD_LIBRARIES = YES;
				CODE_SIGN_STYLE = Automatic;
				CURRENT_PROJECT_VERSION = 1;
				DEVELOPMENT_TEAM = QXX4852TTD;
				GENERATE_INFOPLIST_FILE = YES;
				MARKETING_VERSION = 1.0;
				PRODUCT_BUNDLE_IDENTIFIER = brunosilva.TableViewTestUITests;
				PRODUCT_NAME = "$(TARGET_NAME)";
				SWIFT_EMIT_LOC_STRINGS = NO;
				SWIFT_VERSION = 5.0;
				TARGETED_DEVICE_FAMILY = "1,2";
				TEST_TARGET_NAME = TableViewTest;
			};
			name = Release;
		};
/* End XCBuildConfiguration section */

/* Begin XCConfigurationList section */
		7E814BE82C38E4CE0004F4DC /* Build configuration list for PBXProject "TableViewTest" */ = {
			isa = XCConfigurationList;
			buildConfigurations = (
				7E814C152C38E4CF0004F4DC /* Debug */,
				7E814C162C38E4CF0004F4DC /* Release */,
			);
			defaultConfigurationIsVisible = 0;
			defaultConfigurationName = Release;
		};
		7E814C172C38E4CF0004F4DC /* Build configuration list for PBXNativeTarget "TableViewTest" */ = {
			isa = XCConfigurationList;
			buildConfigurations = (
				7E814C182C38E4CF0004F4DC /* Debug */,
				7E814C192C38E4CF0004F4DC /* Release */,
			);
			defaultConfigurationIsVisible = 0;
			defaultConfigurationName = Release;
		};
		7E814C1A2C38E4CF0004F4DC /* Build configuration list for PBXNativeTarget "TableViewTestTests" */ = {
			isa = XCConfigurationList;
			buildConfigurations = (
				7E814C1B2C38E4CF0004F4DC /* Debug */,
				7E814C1C2C38E4CF0004F4DC /* Release */,
			);
			defaultConfigurationIsVisible = 0;
			defaultConfigurationName = Release;
		};
		7E814C1D2C38E4CF0004F4DC /* Build configuration list for PBXNativeTarget "TableViewTestUITests" */ = {
			isa = XCConfigurationList;
			buildConfigurations = (
				7E814C1E2C38E4CF0004F4DC /* Debug */,
				7E814C1F2C38E4CF0004F4DC /* Release */,
			);
			defaultConfigurationIsVisible = 0;
			defaultConfigurationName = Release;
		};
/* End XCConfigurationList section */
	};
	rootObject = 7E814BE52C38E4CE0004F4DC /* Project object */;
}
